// !$*UTF8*$!
{
	archiveVersion = 1;
	classes = {
	};
	objectVersion = 50;
	objects = {

/* Begin PBXBuildFile section */
		599E12FD2095278F00C657A9 /* AppDelegate.swift in Sources */ = {isa = PBXBuildFile; fileRef = 599E12FC2095278F00C657A9 /* AppDelegate.swift */; };
		599E13022095278F00C657A9 /* Main.storyboard in Resources */ = {isa = PBXBuildFile; fileRef = 599E13002095278F00C657A9 /* Main.storyboard */; };
		599E13042095279000C657A9 /* Assets.xcassets in Resources */ = {isa = PBXBuildFile; fileRef = 599E13032095279000C657A9 /* Assets.xcassets */; };
		599E13072095279000C657A9 /* LaunchScreen.storyboard in Resources */ = {isa = PBXBuildFile; fileRef = 599E13052095279000C657A9 /* LaunchScreen.storyboard */; };
		599E13122095279000C657A9 /* TinderTests.swift in Sources */ = {isa = PBXBuildFile; fileRef = 599E13112095279000C657A9 /* TinderTests.swift */; };
		599E131D2095279000C657A9 /* TinderUITests.swift in Sources */ = {isa = PBXBuildFile; fileRef = 599E131C2095279000C657A9 /* TinderUITests.swift */; };
		599E132B2096550100C657A9 /* CardsViewController.swift in Sources */ = {isa = PBXBuildFile; fileRef = 599E132A2096550100C657A9 /* CardsViewController.swift */; };
		599E132D2097DE8500C657A9 /* ProfileViewController.swift in Sources */ = {isa = PBXBuildFile; fileRef = 599E132C2097DE8500C657A9 /* ProfileViewController.swift */; };
/* End PBXBuildFile section */

/* Begin PBXContainerItemProxy section */
		599E130E2095279000C657A9 /* PBXContainerItemProxy */ = {
			isa = PBXContainerItemProxy;
			containerPortal = 599E12F12095278F00C657A9 /* Project object */;
			proxyType = 1;
			remoteGlobalIDString = 599E12F82095278F00C657A9;
			remoteInfo = Tinder;
		};
		599E13192095279000C657A9 /* PBXContainerItemProxy */ = {
			isa = PBXContainerItemProxy;
			containerPortal = 599E12F12095278F00C657A9 /* Project object */;
			proxyType = 1;
			remoteGlobalIDString = 599E12F82095278F00C657A9;
			remoteInfo = Tinder;
		};
/* End PBXContainerItemProxy section */

/* Begin PBXFileReference section */
		599E12F92095278F00C657A9 /* Tinder.app */ = {isa = PBXFileReference; explicitFileType = wrapper.application; includeInIndex = 0; path = Tinder.app; sourceTree = BUILT_PRODUCTS_DIR; };
		599E12FC2095278F00C657A9 /* AppDelegate.swift */ = {isa = PBXFileReference; lastKnownFileType = sourcecode.swift; path = AppDelegate.swift; sourceTree = "<group>"; };
		599E13012095278F00C657A9 /* Base */ = {isa = PBXFileReference; lastKnownFileType = file.storyboard; name = Base; path = Base.lproj/Main.storyboard; sourceTree = "<group>"; };
		599E13032095279000C657A9 /* Assets.xcassets */ = {isa = PBXFileReference; lastKnownFileType = folder.assetcatalog; path = Assets.xcassets; sourceTree = "<group>"; };
		599E13062095279000C657A9 /* Base */ = {isa = PBXFileReference; lastKnownFileType = file.storyboard; name = Base; path = Base.lproj/LaunchScreen.storyboard; sourceTree = "<group>"; };
		599E13082095279000C657A9 /* Info.plist */ = {isa = PBXFileReference; lastKnownFileType = text.plist.xml; path = Info.plist; sourceTree = "<group>"; };
		599E130D2095279000C657A9 /* TinderTests.xctest */ = {isa = PBXFileReference; explicitFileType = wrapper.cfbundle; includeInIndex = 0; path = TinderTests.xctest; sourceTree = BUILT_PRODUCTS_DIR; };
		599E13112095279000C657A9 /* TinderTests.swift */ = {isa = PBXFileReference; lastKnownFileType = sourcecode.swift; path = TinderTests.swift; sourceTree = "<group>"; };
		599E13132095279000C657A9 /* Info.plist */ = {isa = PBXFileReference; lastKnownFileType = text.plist.xml; path = Info.plist; sourceTree = "<group>"; };
		599E13182095279000C657A9 /* TinderUITests.xctest */ = {isa = PBXFileReference; explicitFileType = wrapper.cfbundle; includeInIndex = 0; path = TinderUITests.xctest; sourceTree = BUILT_PRODUCTS_DIR; };
		599E131C2095279000C657A9 /* TinderUITests.swift */ = {isa = PBXFileReference; lastKnownFileType = sourcecode.swift; path = TinderUITests.swift; sourceTree = "<group>"; };
		599E131E2095279000C657A9 /* Info.plist */ = {isa = PBXFileReference; lastKnownFileType = text.plist.xml; path = Info.plist; sourceTree = "<group>"; };
		599E132A2096550100C657A9 /* CardsViewController.swift */ = {isa = PBXFileReference; lastKnownFileType = sourcecode.swift; path = CardsViewController.swift; sourceTree = "<group>"; };
		599E132C2097DE8500C657A9 /* ProfileViewController.swift */ = {isa = PBXFileReference; lastKnownFileType = sourcecode.swift; path = ProfileViewController.swift; sourceTree = "<group>"; };
/* End PBXFileReference section */

/* Begin PBXFrameworksBuildPhase section */
		599E12F62095278F00C657A9 /* Frameworks */ = {
			isa = PBXFrameworksBuildPhase;
			buildActionMask = 2147483647;
			files = (
			);
			runOnlyForDeploymentPostprocessing = 0;
		};
		599E130A2095279000C657A9 /* Frameworks */ = {
			isa = PBXFrameworksBuildPhase;
			buildActionMask = 2147483647;
			files = (
			);
			runOnlyForDeploymentPostprocessing = 0;
		};
		599E13152095279000C657A9 /* Frameworks */ = {
			isa = PBXFrameworksBuildPhase;
			buildActionMask = 2147483647;
			files = (
			);
			runOnlyForDeploymentPostprocessing = 0;
		};
/* End PBXFrameworksBuildPhase section */

/* Begin PBXGroup section */
		599E12F02095278F00C657A9 = {
			isa = PBXGroup;
			children = (
				599E12FB2095278F00C657A9 /* Tinder */,
				599E13102095279000C657A9 /* TinderTests */,
				599E131B2095279000C657A9 /* TinderUITests */,
				599E12FA2095278F00C657A9 /* Products */,
			);
			sourceTree = "<group>";
		};
		599E12FA2095278F00C657A9 /* Products */ = {
			isa = PBXGroup;
			children = (
				599E12F92095278F00C657A9 /* Tinder.app */,
				599E130D2095279000C657A9 /* TinderTests.xctest */,
				599E13182095279000C657A9 /* TinderUITests.xctest */,
			);
			name = Products;
			sourceTree = "<group>";
		};
		599E12FB2095278F00C657A9 /* Tinder */ = {
			isa = PBXGroup;
			children = (
				599E12FC2095278F00C657A9 /* AppDelegate.swift */,
				599E132C2097DE8500C657A9 /* ProfileViewController.swift */,
				599E132A2096550100C657A9 /* CardsViewController.swift */,
				599E13002095278F00C657A9 /* Main.storyboard */,
				599E13032095279000C657A9 /* Assets.xcassets */,
				599E13052095279000C657A9 /* LaunchScreen.storyboard */,
				599E13082095279000C657A9 /* Info.plist */,
			);
			path = Tinder;
			sourceTree = "<group>";
		};
		599E13102095279000C657A9 /* TinderTests */ = {
			isa = PBXGroup;
			children = (
				599E13112095279000C657A9 /* TinderTests.swift */,
				599E13132095279000C657A9 /* Info.plist */,
			);
			path = TinderTests;
			sourceTree = "<group>";
		};
		599E131B2095279000C657A9 /* TinderUITests */ = {
			isa = PBXGroup;
			children = (
				599E131C2095279000C657A9 /* TinderUITests.swift */,
				599E131E2095279000C657A9 /* Info.plist */,
			);
			path = TinderUITests;
			sourceTree = "<group>";
		};
/* End PBXGroup section */

/* Begin PBXNativeTarget section */
		599E12F82095278F00C657A9 /* Tinder */ = {
			isa = PBXNativeTarget;
			buildConfigurationList = 599E13212095279000C657A9 /* Build configuration list for PBXNativeTarget "Tinder" */;
			buildPhases = (
				599E12F52095278F00C657A9 /* Sources */,
				599E12F62095278F00C657A9 /* Frameworks */,
				599E12F72095278F00C657A9 /* Resources */,
			);
			buildRules = (
			);
			dependencies = (
			);
			name = Tinder;
			productName = Tinder;
			productReference = 599E12F92095278F00C657A9 /* Tinder.app */;
			productType = "com.apple.product-type.application";
		};
		599E130C2095279000C657A9 /* TinderTests */ = {
			isa = PBXNativeTarget;
			buildConfigurationList = 599E13242095279000C657A9 /* Build configuration list for PBXNativeTarget "TinderTests" */;
			buildPhases = (
				599E13092095279000C657A9 /* Sources */,
				599E130A2095279000C657A9 /* Frameworks */,
				599E130B2095279000C657A9 /* Resources */,
			);
			buildRules = (
			);
			dependencies = (
				599E130F2095279000C657A9 /* PBXTargetDependency */,
			);
			name = TinderTests;
			productName = TinderTests;
			productReference = 599E130D2095279000C657A9 /* TinderTests.xctest */;
			productType = "com.apple.product-type.bundle.unit-test";
		};
		599E13172095279000C657A9 /* TinderUITests */ = {
			isa = PBXNativeTarget;
			buildConfigurationList = 599E13272095279000C657A9 /* Build configuration list for PBXNativeTarget "TinderUITests" */;
			buildPhases = (
				599E13142095279000C657A9 /* Sources */,
				599E13152095279000C657A9 /* Frameworks */,
				599E13162095279000C657A9 /* Resources */,
			);
			buildRules = (
			);
			dependencies = (
				599E131A2095279000C657A9 /* PBXTargetDependency */,
			);
			name = TinderUITests;
			productName = TinderUITests;
			productReference = 599E13182095279000C657A9 /* TinderUITests.xctest */;
			productType = "com.apple.product-type.bundle.ui-testing";
		};
/* End PBXNativeTarget section */

/* Begin PBXProject section */
		599E12F12095278F00C657A9 /* Project object */ = {
			isa = PBXProject;
			attributes = {
				LastSwiftUpdateCheck = 0930;
				LastUpgradeCheck = 0930;
				ORGANIZATIONNAME = "Trustin Harris";
				TargetAttributes = {
					599E12F82095278F00C657A9 = {
						CreatedOnToolsVersion = 9.3;
					};
					599E130C2095279000C657A9 = {
						CreatedOnToolsVersion = 9.3;
						TestTargetID = 599E12F82095278F00C657A9;
					};
					599E13172095279000C657A9 = {
						CreatedOnToolsVersion = 9.3;
						TestTargetID = 599E12F82095278F00C657A9;
					};
				};
			};
			buildConfigurationList = 599E12F42095278F00C657A9 /* Build configuration list for PBXProject "Tinder" */;
			compatibilityVersion = "Xcode 9.3";
			developmentRegion = en;
			hasScannedForEncodings = 0;
			knownRegions = (
				en,
				Base,
			);
			mainGroup = 599E12F02095278F00C657A9;
			productRefGroup = 599E12FA2095278F00C657A9 /* Products */;
			projectDirPath = "";
			projectRoot = "";
			targets = (
				599E12F82095278F00C657A9 /* Tinder */,
				599E130C2095279000C657A9 /* TinderTests */,
				599E13172095279000C657A9 /* TinderUITests */,
			);
		};
/* End PBXProject section */

/* Begin PBXResourcesBuildPhase section */
		599E12F72095278F00C657A9 /* Resources */ = {
			isa = PBXResourcesBuildPhase;
			buildActionMask = 2147483647;
			files = (
				599E13072095279000C657A9 /* LaunchScreen.storyboard in Resources */,
				599E13042095279000C657A9 /* Assets.xcassets in Resources */,
				599E13022095278F00C657A9 /* Main.storyboard in Resources */,
			);
			runOnlyForDeploymentPostprocessing = 0;
		};
		599E130B2095279000C657A9 /* Resources */ = {
			isa = PBXResourcesBuildPhase;
			buildActionMask = 2147483647;
			files = (
			);
			runOnlyForDeploymentPostprocessing = 0;
		};
		599E13162095279000C657A9 /* Resources */ = {
			isa = PBXResourcesBuildPhase;
			buildActionMask = 2147483647;
			files = (
			);
			runOnlyForDeploymentPostprocessing = 0;
		};
/* End PBXResourcesBuildPhase section */

/* Begin PBXSourcesBuildPhase section */
		599E12F52095278F00C657A9 /* Sources */ = {
			isa = PBXSourcesBuildPhase;
			buildActionMask = 2147483647;
			files = (
				599E132D2097DE8500C657A9 /* ProfileViewController.swift in Sources */,
				599E12FD2095278F00C657A9 /* AppDelegate.swift in Sources */,
				599E132B2096550100C657A9 /* CardsViewController.swift in Sources */,
			);
			runOnlyForDeploymentPostprocessing = 0;
		};
		599E13092095279000C657A9 /* Sources */ = {
			isa = PBXSourcesBuildPhase;
			buildActionMask = 2147483647;
			files = (
				599E13122095279000C657A9 /* TinderTests.swift in Sources */,
			);
			runOnlyForDeploymentPostprocessing = 0;
		};
		599E13142095279000C657A9 /* Sources */ = {
			isa = PBXSourcesBuildPhase;
			buildActionMask = 2147483647;
			files = (
				599E131D2095279000C657A9 /* TinderUITests.swift in Sources */,
			);
			runOnlyForDeploymentPostprocessing = 0;
		};
/* End PBXSourcesBuildPhase section */

/* Begin PBXTargetDependency section */
		599E130F2095279000C657A9 /* PBXTargetDependency */ = {
			isa = PBXTargetDependency;
			target = 599E12F82095278F00C657A9 /* Tinder */;
			targetProxy = 599E130E2095279000C657A9 /* PBXContainerItemProxy */;
		};
		599E131A2095279000C657A9 /* PBXTargetDependency */ = {
			isa = PBXTargetDependency;
			target = 599E12F82095278F00C657A9 /* Tinder */;
			targetProxy = 599E13192095279000C657A9 /* PBXContainerItemProxy */;
		};
/* End PBXTargetDependency section */

/* Begin PBXVariantGroup section */
		599E13002095278F00C657A9 /* Main.storyboard */ = {
			isa = PBXVariantGroup;
			children = (
				599E13012095278F00C657A9 /* Base */,
			);
			name = Main.storyboard;
			sourceTree = "<group>";
		};
		599E13052095279000C657A9 /* LaunchScreen.storyboard */ = {
			isa = PBXVariantGroup;
			children = (
				599E13062095279000C657A9 /* Base */,
			);
			name = LaunchScreen.storyboard;
			sourceTree = "<group>";
		};
/* End PBXVariantGroup section */

/* Begin XCBuildConfiguration section */
		599E131F2095279000C657A9 /* Debug */ = {
			isa = XCBuildConfiguration;
			buildSettings = {
				ALWAYS_SEARCH_USER_PATHS = NO;
				CLANG_ANALYZER_NONNULL = YES;
				CLANG_ANALYZER_NUMBER_OBJECT_CONVERSION = YES_AGGRESSIVE;
				CLANG_CXX_LANGUAGE_STANDARD = "gnu++14";
				CLANG_CXX_LIBRARY = "libc++";
				CLANG_ENABLE_MODULES = YES;
				CLANG_ENABLE_OBJC_ARC = YES;
				CLANG_ENABLE_OBJC_WEAK = YES;
				CLANG_WARN_BLOCK_CAPTURE_AUTORELEASING = YES;
				CLANG_WARN_BOOL_CONVERSION = YES;
				CLANG_WARN_COMMA = YES;
				CLANG_WARN_CONSTANT_CONVERSION = YES;
				CLANG_WARN_DEPRECATED_OBJC_IMPLEMENTATIONS = YES;
				CLANG_WARN_DIRECT_OBJC_ISA_USAGE = YES_ERROR;
				CLANG_WARN_DOCUMENTATION_COMMENTS = YES;
				CLANG_WARN_EMPTY_BODY = YES;
				CLANG_WARN_ENUM_CONVERSION = YES;
				CLANG_WARN_INFINITE_RECURSION = YES;
				CLANG_WARN_INT_CONVERSION = YES;
				CLANG_WARN_NON_LITERAL_NULL_CONVERSION = YES;
				CLANG_WARN_OBJC_IMPLICIT_RETAIN_SELF = YES;
				CLANG_WARN_OBJC_LITERAL_CONVERSION = YES;
				CLANG_WARN_OBJC_ROOT_CLASS = YES_ERROR;
				CLANG_WARN_RANGE_LOOP_ANALYSIS = YES;
				CLANG_WARN_STRICT_PROTOTYPES = YES;
				CLANG_WARN_SUSPICIOUS_MOVE = YES;
				CLANG_WARN_UNGUARDED_AVAILABILITY = YES_AGGRESSIVE;
				CLANG_WARN_UNREACHABLE_CODE = YES;
				CLANG_WARN__DUPLICATE_METHOD_MATCH = YES;
				CODE_SIGN_IDENTITY = "iPhone Developer";
				COPY_PHASE_STRIP = NO;
				DEBUG_INFORMATION_FORMAT = dwarf;
				ENABLE_STRICT_OBJC_MSGSEND = YES;
				ENABLE_TESTABILITY = YES;
				GCC_C_LANGUAGE_STANDARD = gnu11;
				GCC_DYNAMIC_NO_PIC = NO;
				GCC_NO_COMMON_BLOCKS = YES;
				GCC_OPTIMIZATION_LEVEL = 0;
				GCC_PREPROCESSOR_DEFINITIONS = (
					"DEBUG=1",
					"$(inherited)",
				);
				GCC_WARN_64_TO_32_BIT_CONVERSION = YES;
				GCC_WARN_ABOUT_RETURN_TYPE = YES_ERROR;
				GCC_WARN_UNDECLARED_SELECTOR = YES;
				GCC_WARN_UNINITIALIZED_AUTOS = YES_AGGRESSIVE;
				GCC_WARN_UNUSED_FUNCTION = YES;
				GCC_WARN_UNUSED_VARIABLE = YES;
				IPHONEOS_DEPLOYMENT_TARGET = 11.3;
				MTL_ENABLE_DEBUG_INFO = YES;
				ONLY_ACTIVE_ARCH = YES;
				SDKROOT = iphoneos;
				SWIFT_ACTIVE_COMPILATION_CONDITIONS = DEBUG;
				SWIFT_OPTIMIZATION_LEVEL = "-Onone";
			};
			name = Debug;
		};
		599E13202095279000C657A9 /* Release */ = {
			isa = XCBuildConfiguration;
			buildSettings = {
				ALWAYS_SEARCH_USER_PATHS = NO;
				CLANG_ANALYZER_NONNULL = YES;
				CLANG_ANALYZER_NUMBER_OBJECT_CONVERSION = YES_AGGRESSIVE;
				CLANG_CXX_LANGUAGE_STANDARD = "gnu++14";
				CLANG_CXX_LIBRARY = "libc++";
				CLANG_ENABLE_MODULES = YES;
				CLANG_ENABLE_OBJC_ARC = YES;
				CLANG_ENABLE_OBJC_WEAK = YES;
				CLANG_WARN_BLOCK_CAPTURE_AUTORELEASING = YES;
				CLANG_WARN_BOOL_CONVERSION = YES;
				CLANG_WARN_COMMA = YES;
				CLANG_WARN_CONSTANT_CONVERSION = YES;
				CLANG_WARN_DEPRECATED_OBJC_IMPLEMENTATIONS = YES;
				CLANG_WARN_DIRECT_OBJC_ISA_USAGE = YES_ERROR;
				CLANG_WARN_DOCUMENTATION_COMMENTS = YES;
				CLANG_WARN_EMPTY_BODY = YES;
				CLANG_WARN_ENUM_CONVERSION = YES;
				CLANG_WARN_INFINITE_RECURSION = YES;
				CLANG_WARN_INT_CONVERSION = YES;
				CLANG_WARN_NON_LITERAL_NULL_CONVERSION = YES;
				CLANG_WARN_OBJC_IMPLICIT_RETAIN_SELF = YES;
				CLANG_WARN_OBJC_LITERAL_CONVERSION = YES;
				CLANG_WARN_OBJC_ROOT_CLASS = YES_ERROR;
				CLANG_WARN_RANGE_LOOP_ANALYSIS = YES;
				CLANG_WARN_STRICT_PROTOTYPES = YES;
				CLANG_WARN_SUSPICIOUS_MOVE = YES;
				CLANG_WARN_UNGUARDED_AVAILABILITY = YES_AGGRESSIVE;
				CLANG_WARN_UNREACHABLE_CODE = YES;
				CLANG_WARN__DUPLICATE_METHOD_MATCH = YES;
				CODE_SIGN_IDENTITY = "iPhone Developer";
				COPY_PHASE_STRIP = NO;
				DEBUG_INFORMATION_FORMAT = "dwarf-with-dsym";
				ENABLE_NS_ASSERTIONS = NO;
				ENABLE_STRICT_OBJC_MSGSEND = YES;
				GCC_C_LANGUAGE_STANDARD = gnu11;
				GCC_NO_COMMON_BLOCKS = YES;
				GCC_WARN_64_TO_32_BIT_CONVERSION = YES;
				GCC_WARN_ABOUT_RETURN_TYPE = YES_ERROR;
				GCC_WARN_UNDECLARED_SELECTOR = YES;
				GCC_WARN_UNINITIALIZED_AUTOS = YES_AGGRESSIVE;
				GCC_WARN_UNUSED_FUNCTION = YES;
				GCC_WARN_UNUSED_VARIABLE = YES;
				IPHONEOS_DEPLOYMENT_TARGET = 11.3;
				MTL_ENABLE_DEBUG_INFO = NO;
				SDKROOT = iphoneos;
				SWIFT_COMPILATION_MODE = wholemodule;
				SWIFT_OPTIMIZATION_LEVEL = "-O";
				VALIDATE_PRODUCT = YES;
			};
			name = Release;
		};
		599E13222095279000C657A9 /* Debug */ = {
			isa = XCBuildConfiguration;
			buildSettings = {
				ASSETCATALOG_COMPILER_APPICON_NAME = AppIcon;
				CODE_SIGN_STYLE = Automatic;
				INFOPLIST_FILE = Tinder/Info.plist;
				LD_RUNPATH_SEARCH_PATHS = (
					"$(inherited)",
					"@executable_path/Frameworks",
				);
				PRODUCT_BUNDLE_IDENTIFIER = testCompany.Tinder;
				PRODUCT_NAME = "$(TARGET_NAME)";
				SWIFT_VERSION = 4.0;
				TARGETED_DEVICE_FAMILY = "1,2";
			};
			name = Debug;
		};
		599E13232095279000C657A9 /* Release */ = {
			isa = XCBuildConfiguration;
			buildSettings = {
				ASSETCATALOG_COMPILER_APPICON_NAME = AppIcon;
				CODE_SIGN_STYLE = Automatic;
				INFOPLIST_FILE = Tinder/Info.plist;
				LD_RUNPATH_SEARCH_PATHS = (
					"$(inherited)",
					"@executable_path/Frameworks",
				);
				PRODUCT_BUNDLE_IDENTIFIER = testCompany.Tinder;
				PRODUCT_NAME = "$(TARGET_NAME)";
				SWIFT_VERSION = 4.0;
				TARGETED_DEVICE_FAMILY = "1,2";
			};
			name = Release;
		};
		599E13252095279000C657A9 /* Debug */ = {
			isa = XCBuildConfiguration;
			buildSettings = {
				ALWAYS_EMBED_SWIFT_STANDARD_LIBRARIES = YES;
				BUNDLE_LOADER = "$(TEST_HOST)";
				CODE_SIGN_STYLE = Automatic;
				INFOPLIST_FILE = TinderTests/Info.plist;
				LD_RUNPATH_SEARCH_PATHS = (
					"$(inherited)",
					"@executable_path/Frameworks",
					"@loader_path/Frameworks",
				);
				PRODUCT_BUNDLE_IDENTIFIER = testCompany.TinderTests;
				PRODUCT_NAME = "$(TARGET_NAME)";
				SWIFT_VERSION = 4.0;
				TARGETED_DEVICE_FAMILY = "1,2";
				TEST_HOST = "$(BUILT_PRODUCTS_DIR)/Tinder.app/Tinder";
			};
			name = Debug;
		};
		599E13262095279000C657A9 /* Release */ = {
			isa = XCBuildConfiguration;
			buildSettings = {
				ALWAYS_EMBED_SWIFT_STANDARD_LIBRARIES = YES;
				BUNDLE_LOADER = "$(TEST_HOST)";
				CODE_SIGN_STYLE = Automatic;
				INFOPLIST_FILE = TinderTests/Info.plist;
				LD_RUNPATH_SEARCH_PATHS = (
					"$(inherited)",
					"@executable_path/Frameworks",
					"@loader_path/Frameworks",
				);
				PRODUCT_BUNDLE_IDENTIFIER = testCompany.TinderTests;
				PRODUCT_NAME = "$(TARGET_NAME)";
				SWIFT_VERSION = 4.0;
				TARGETED_DEVICE_FAMILY = "1,2";
				TEST_HOST = "$(BUILT_PRODUCTS_DIR)/Tinder.app/Tinder";
			};
			name = Release;
		};
		599E13282095279000C657A9 /* Debug */ = {
			isa = XCBuildConfiguration;
			buildSettings = {
				ALWAYS_EMBED_SWIFT_STANDARD_LIBRARIES = YES;
				CODE_SIGN_STYLE = Automatic;
				INFOPLIST_FILE = TinderUITests/Info.plist;
				LD_RUNPATH_SEARCH_PATHS = (
					"$(inherited)",
					"@executable_path/Frameworks",
					"@loader_path/Frameworks",
				);
				PRODUCT_BUNDLE_IDENTIFIER = testCompany.TinderUITests;
				PRODUCT_NAME = "$(TARGET_NAME)";
				SWIFT_VERSION = 4.0;
				TARGETED_DEVICE_FAMILY = "1,2";
				TEST_TARGET_NAME = Tinder;
			};
			name = Debug;
		};
		599E13292095279000C657A9 /* Release */ = {
			isa = XCBuildConfiguration;
			buildSettings = {
				ALWAYS_EMBED_SWIFT_STANDARD_LIBRARIES = YES;
				CODE_SIGN_STYLE = Automatic;
				INFOPLIST_FILE = TinderUITests/Info.plist;
				LD_RUNPATH_SEARCH_PATHS = (
					"$(inherited)",
					"@executable_path/Frameworks",
					"@loader_path/Frameworks",
				);
				PRODUCT_BUNDLE_IDENTIFIER = testCompany.TinderUITests;
				PRODUCT_NAME = "$(TARGET_NAME)";
				SWIFT_VERSION = 4.0;
				TARGETED_DEVICE_FAMILY = "1,2";
				TEST_TARGET_NAME = Tinder;
			};
			name = Release;
		};
/* End XCBuildConfiguration section */

/* Begin XCConfigurationList section */
		599E12F42095278F00C657A9 /* Build configuration list for PBXProject "Tinder" */ = {
			isa = XCConfigurationList;
			buildConfigurations = (
				599E131F2095279000C657A9 /* Debug */,
				599E13202095279000C657A9 /* Release */,
			);
			defaultConfigurationIsVisible = 0;
			defaultConfigurationName = Release;
		};
		599E13212095279000C657A9 /* Build configuration list for PBXNativeTarget "Tinder" */ = {
			isa = XCConfigurationList;
			buildConfigurations = (
				599E13222095279000C657A9 /* Debug */,
				599E13232095279000C657A9 /* Release */,
			);
			defaultConfigurationIsVisible = 0;
			defaultConfigurationName = Release;
		};
		599E13242095279000C657A9 /* Build configuration list for PBXNativeTarget "TinderTests" */ = {
			isa = XCConfigurationList;
			buildConfigurations = (
				599E13252095279000C657A9 /* Debug */,
				599E13262095279000C657A9 /* Release */,
			);
			defaultConfigurationIsVisible = 0;
			defaultConfigurationName = Release;
		};
		599E13272095279000C657A9 /* Build configuration list for PBXNativeTarget "TinderUITests" */ = {
			isa = XCConfigurationList;
			buildConfigurations = (
				599E13282095279000C657A9 /* Debug */,
				599E13292095279000C657A9 /* Release */,
			);
			defaultConfigurationIsVisible = 0;
			defaultConfigurationName = Release;
		};
/* End XCConfigurationList section */
	};
	rootObject = 599E12F12095278F00C657A9 /* Project object */;
}
